
Microsoft Visual Studio Solution File, Format Version 12.00
Project("{FAE04EC0-301F-11D3-BF4B-00C04F79EFBC}") = "JobBoardApplication", "JobBoardApplication\JobBoardApplication.csproj", "{DD0A6EC7-3F66-4A32-AFBE-BED0C0A0EBBA}"
EndProject
Global
	GlobalSection(SolutionConfigurationPlatforms) = preSolution
		Debug|Any CPU = Debug|Any CPU
		Release|Any CPU = Release|Any CPU
	EndGlobalSection
	GlobalSection(ProjectConfigurationPlatforms) = postSolution
		{DD0A6EC7-3F66-4A32-AFBE-BED0C0A0EBBA}.Debug|Any CPU.ActiveCfg = Debug|Any CPU
		{DD0A6EC7-3F66-4A32-AFBE-BED0C0A0EBBA}.Debug|Any CPU.Build.0 = Debug|Any CPU
		{DD0A6EC7-3F66-4A32-AFBE-BED0C0A0EBBA}.Release|Any CPU.ActiveCfg = Release|Any CPU
		{DD0A6EC7-3F66-4A32-AFBE-BED0C0A0EBBA}.Release|Any CPU.Build.0 = Release|Any CPU
	EndGlobalSection
EndGlobal
